<?xml version="1.0" encoding="utf-8"?>
<Project ToolsVersion="4.0" xmlns="http://schemas.microsoft.com/developer/msbuild/2003">
  <ItemGroup>
    <Midl Include="WinCon.idl" />
    <Midl Include="WinConLib.IDL" />
    <Midl Include="common\WinDef.idl">
      <Filter>Common</Filter>
    </Midl>
  </ItemGroup>
  <ItemGroup>
    <Filter Include="Common">
      <UniqueIdentifier>{41b4ac1e-64a1-48ce-a838-998f39a96df4}</UniqueIdentifier>
    </Filter>
  </ItemGroup>
  <ItemGroup>
    <ClInclude Include="common\CustomAttribs.h">
      <Filter>Common</Filter>
    </ClInclude>
  </ItemGroup>
</Project>